// !$*UTF8*$!
{
	archiveVersion = 1;
	classes = {
	};
	objectVersion = 48;
	objects = {

/* Begin PBXBuildFile section */
		39F22E411EFEF2AA00587AFA /* AppDelegate.swift in Sources */ = {isa = PBXBuildFile; fileRef = 39F22E401EFEF2AA00587AFA /* AppDelegate.swift */; };
		39F22E431EFEF2AA00587AFA /* ViewController.swift in Sources */ = {isa = PBXBuildFile; fileRef = 39F22E421EFEF2AA00587AFA /* ViewController.swift */; };
		39F22E461EFEF2AA00587AFA /* Main.storyboard in Resources */ = {isa = PBXBuildFile; fileRef = 39F22E441EFEF2AA00587AFA /* Main.storyboard */; };
		39F22E481EFEF2AA00587AFA /* Assets.xcassets in Resources */ = {isa = PBXBuildFile; fileRef = 39F22E471EFEF2AA00587AFA /* Assets.xcassets */; };
		39F22E4B1EFEF2AA00587AFA /* LaunchScreen.storyboard in Resources */ = {isa = PBXBuildFile; fileRef = 39F22E491EFEF2AA00587AFA /* LaunchScreen.storyboard */; };
/* End PBXBuildFile section */

/* Begin PBXFileReference section */
		39F22E3D1EFEF2AA00587AFA /* cash.app */ = {isa = PBXFileReference; explicitFileType = wrapper.application; includeInIndex = 0; path = cash.app; sourceTree = BUILT_PRODUCTS_DIR; };
		39F22E401EFEF2AA00587AFA /* AppDelegate.swift */ = {isa = PBXFileReference; lastKnownFileType = sourcecode.swift; path = AppDelegate.swift; sourceTree = "<group>"; };
		39F22E421EFEF2AA00587AFA /* ViewController.swift */ = {isa = PBXFileReference; lastKnownFileType = sourcecode.swift; path = ViewController.swift; sourceTree = "<group>"; };
		39F22E451EFEF2AA00587AFA /* Base */ = {isa = PBXFileReference; lastKnownFileType = file.storyboard; name = Base; path = Base.lproj/Main.storyboard; sourceTree = "<group>"; };
		39F22E471EFEF2AA00587AFA /* Assets.xcassets */ = {isa = PBXFileReference; lastKnownFileType = folder.assetcatalog; path = Assets.xcassets; sourceTree = "<group>"; };
		39F22E4A1EFEF2AA00587AFA /* Base */ = {isa = PBXFileReference; lastKnownFileType = file.storyboard; name = Base; path = Base.lproj/LaunchScreen.storyboard; sourceTree = "<group>"; };
		39F22E4C1EFEF2AA00587AFA /* Info.plist */ = {isa = PBXFileReference; lastKnownFileType = text.plist.xml; path = Info.plist; sourceTree = "<group>"; };
/* End PBXFileReference section */

/* Begin PBXFrameworksBuildPhase section */
		39F22E3A1EFEF2AA00587AFA /* Frameworks */ = {
			isa = PBXFrameworksBuildPhase;
			buildActionMask = 2147483647;
			files = (
			);
			runOnlyForDeploymentPostprocessing = 0;
		};
/* End PBXFrameworksBuildPhase section */

/* Begin PBXGroup section */
		39F22E341EFEF2AA00587AFA = {
			isa = PBXGroup;
			children = (
				39F22E3F1EFEF2AA00587AFA /* cash */,
				39F22E3E1EFEF2AA00587AFA /* Products */,
			);
			sourceTree = "<group>";
		};
		39F22E3E1EFEF2AA00587AFA /* Products */ = {
			isa = PBXGroup;
			children = (
				39F22E3D1EFEF2AA00587AFA /* cash.app */,
			);
			name = Products;
			sourceTree = "<group>";
		};
		39F22E3F1EFEF2AA00587AFA /* cash */ = {
			isa = PBXGroup;
			children = (
				39F22E401EFEF2AA00587AFA /* AppDelegate.swift */,
				39F22E421EFEF2AA00587AFA /* ViewController.swift */,
				39F22E441EFEF2AA00587AFA /* Main.storyboard */,
				39F22E471EFEF2AA00587AFA /* Assets.xcassets */,
				39F22E491EFEF2AA00587AFA /* LaunchScreen.storyboard */,
				39F22E4C1EFEF2AA00587AFA /* Info.plist */,
			);
			path = cash;
			sourceTree = "<group>";
		};
/* End PBXGroup section */

/* Begin PBXNativeTarget section */
		39F22E3C1EFEF2AA00587AFA /* cash */ = {
			isa = PBXNativeTarget;
			buildConfigurationList = 39F22E4F1EFEF2AA00587AFA /* Build configuration list for PBXNativeTarget "cash" */;
			buildPhases = (
				39F22E391EFEF2AA00587AFA /* Sources */,
				39F22E3A1EFEF2AA00587AFA /* Frameworks */,
				39F22E3B1EFEF2AA00587AFA /* Resources */,
			);
			buildRules = (
			);
			dependencies = (
			);
			name = cash;
			productName = cash;
			productReference = 39F22E3D1EFEF2AA00587AFA /* cash.app */;
			productType = "com.apple.product-type.application";
		};
/* End PBXNativeTarget section */

/* Begin PBXProject section */
		39F22E351EFEF2AA00587AFA /* Project object */ = {
			isa = PBXProject;
			attributes = {
				LastSwiftUpdateCheck = 0900;
				LastUpgradeCheck = 0900;
				ORGANIZATIONNAME = cjwirth;
				TargetAttributes = {
					39F22E3C1EFEF2AA00587AFA = {
						CreatedOnToolsVersion = 9.0;
					};
				};
			};
			buildConfigurationList = 39F22E381EFEF2AA00587AFA /* Build configuration list for PBXProject "cash" */;
			compatibilityVersion = "Xcode 8.0";
			developmentRegion = en;
			hasScannedForEncodings = 0;
			knownRegions = (
				en,
				Base,
			);
			mainGroup = 39F22E341EFEF2AA00587AFA;
			productRefGroup = 39F22E3E1EFEF2AA00587AFA /* Products */;
			projectDirPath = "";
			projectRoot = "";
			targets = (
				39F22E3C1EFEF2AA00587AFA /* cash */,
			);
		};
/* End PBXProject section */

/* Begin PBXResourcesBuildPhase section */
		39F22E3B1EFEF2AA00587AFA /* Resources */ = {
			isa = PBXResourcesBuildPhase;
			buildActionMask = 2147483647;
			files = (
				39F22E4B1EFEF2AA00587AFA /* LaunchScreen.storyboard in Resources */,
				39F22E481EFEF2AA00587AFA /* Assets.xcassets in Resources */,
				39F22E461EFEF2AA00587AFA /* Main.storyboard in Resources */,
			);
			runOnlyForDeploymentPostprocessing = 0;
		};
/* End PBXResourcesBuildPhase section */

/* Begin PBXSourcesBuildPhase section */
		39F22E391EFEF2AA00587AFA /* Sources */ = {
			isa = PBXSourcesBuildPhase;
			buildActionMask = 2147483647;
			files = (
				39F22E431EFEF2AA00587AFA /* ViewController.swift in Sources */,
				39F22E411EFEF2AA00587AFA /* AppDelegate.swift in Sources */,
			);
			runOnlyForDeploymentPostprocessing = 0;
		};
/* End PBXSourcesBuildPhase section */

/* Begin PBXVariantGroup section */
		39F22E441EFEF2AA00587AFA /* Main.storyboard */ = {
			isa = PBXVariantGroup;
			children = (
				39F22E451EFEF2AA00587AFA /* Base */,
			);
			name = Main.storyboard;
			sourceTree = "<group>";
		};
		39F22E491EFEF2AA00587AFA /* LaunchScreen.storyboard */ = {
			isa = PBXVariantGroup;
			children = (
				39F22E4A1EFEF2AA00587AFA /* Base */,
			);
			name = LaunchScreen.storyboard;
			sourceTree = "<group>";
		};
/* End PBXVariantGroup section */

/* Begin XCBuildConfiguration section */
		39F22E4D1EFEF2AA00587AFA /* Debug */ = {
			isa = XCBuildConfiguration;
			buildSettings = {
				ALWAYS_SEARCH_USER_PATHS = NO;
				CLANG_ANALYZER_NONNULL = YES;
				CLANG_ANALYZER_NUMBER_OBJECT_CONVERSION = YES_AGGRESSIVE;
				CLANG_CXX_LANGUAGE_STANDARD = "gnu++14";
				CLANG_CXX_LIBRARY = "libc++";
				CLANG_ENABLE_MODULES = YES;
				CLANG_ENABLE_OBJC_ARC = YES;
				CLANG_WARN_BLOCK_CAPTURE_AUTORELEASING = YES;
				CLANG_WARN_BOOL_CONVERSION = YES;
				CLANG_WARN_COMMA = YES;
				CLANG_WARN_CONSTANT_CONVERSION = YES;
				CLANG_WARN_DIRECT_OBJC_ISA_USAGE = YES_ERROR;
				CLANG_WARN_DOCUMENTATION_COMMENTS = YES;
				CLANG_WARN_EMPTY_BODY = YES;
				CLANG_WARN_ENUM_CONVERSION = YES;
				CLANG_WARN_INFINITE_RECURSION = YES;
				CLANG_WARN_INT_CONVERSION = YES;
				CLANG_WARN_OBJC_ROOT_CLASS = YES_ERROR;
				CLANG_WARN_RANGE_LOOP_ANALYSIS = YES;
				CLANG_WARN_STRICT_PROTOTYPES = YES;
				CLANG_WARN_SUSPICIOUS_MOVE = YES;
				CLANG_WARN_UNGUARDED_AVAILABILITY = YES_AGGRESSIVE;
				CLANG_WARN_UNREACHABLE_CODE = YES;
				CLANG_WARN__DUPLICATE_METHOD_MATCH = YES;
				CODE_SIGN_IDENTITY = "iPhone Developer";
				COPY_PHASE_STRIP = NO;
				DEBUG_INFORMATION_FORMAT = dwarf;
				ENABLE_STRICT_OBJC_MSGSEND = YES;
				ENABLE_TESTABILITY = YES;
				GCC_C_LANGUAGE_STANDARD = gnu11;
				GCC_DYNAMIC_NO_PIC = NO;
				GCC_NO_COMMON_BLOCKS = YES;
				GCC_OPTIMIZATION_LEVEL = 0;
				GCC_PREPROCESSOR_DEFINITIONS = (
					"DEBUG=1",
					"$(inherited)",
				);
				GCC_WARN_64_TO_32_BIT_CONVERSION = YES;
				GCC_WARN_ABOUT_RETURN_TYPE = YES_ERROR;
				GCC_WARN_UNDECLARED_SELECTOR = YES;
				GCC_WARN_UNINITIALIZED_AUTOS = YES_AGGRESSIVE;
				GCC_WARN_UNUSED_FUNCTION = YES;
				GCC_WARN_UNUSED_VARIABLE = YES;
				IPHONEOS_DEPLOYMENT_TARGET = 11.0;
				MTL_ENABLE_DEBUG_INFO = YES;
				ONLY_ACTIVE_ARCH = YES;
				SDKROOT = iphoneos;
				SWIFT_ACTIVE_COMPILATION_CONDITIONS = DEBUG;
				SWIFT_OPTIMIZATION_LEVEL = "-Onone";
			};
			name = Debug;
		};
		39F22E4E1EFEF2AA00587AFA /* Release */ = {
			isa = XCBuildConfiguration;
			buildSettings = {
				ALWAYS_SEARCH_USER_PATHS = NO;
				CLANG_ANALYZER_NONNULL = YES;
				CLANG_ANALYZER_NUMBER_OBJECT_CONVERSION = YES_AGGRESSIVE;
				CLANG_CXX_LANGUAGE_STANDARD = "gnu++14";
				CLANG_CXX_LIBRARY = "libc++";
				CLANG_ENABLE_MODULES = YES;
				CLANG_ENABLE_OBJC_ARC = YES;
				CLANG_WARN_BLOCK_CAPTURE_AUTORELEASING = YES;
				CLANG_WARN_BOOL_CONVERSION = YES;
				CLANG_WARN_COMMA = YES;
				CLANG_WARN_CONSTANT_CONVERSION = YES;
				CLANG_WARN_DIRECT_OBJC_ISA_USAGE = YES_ERROR;
				CLANG_WARN_DOCUMENTATION_COMMENTS = YES;
				CLANG_WARN_EMPTY_BODY = YES;
				CLANG_WARN_ENUM_CONVERSION = YES;
				CLANG_WARN_INFINITE_RECURSION = YES;
				CLANG_WARN_INT_CONVERSION = YES;
				CLANG_WARN_OBJC_ROOT_CLASS = YES_ERROR;
				CLANG_WARN_RANGE_LOOP_ANALYSIS = YES;
				CLANG_WARN_STRICT_PROTOTYPES = YES;
				CLANG_WARN_SUSPICIOUS_MOVE = YES;
				CLANG_WARN_UNGUARDED_AVAILABILITY = YES_AGGRESSIVE;
				CLANG_WARN_UNREACHABLE_CODE = YES;
				CLANG_WARN__DUPLICATE_METHOD_MATCH = YES;
				CODE_SIGN_IDENTITY = "iPhone Developer";
				COPY_PHASE_STRIP = NO;
				DEBUG_INFORMATION_FORMAT = "dwarf-with-dsym";
				ENABLE_NS_ASSERTIONS = NO;
				ENABLE_STRICT_OBJC_MSGSEND = YES;
				GCC_C_LANGUAGE_STANDARD = gnu11;
				GCC_NO_COMMON_BLOCKS = YES;
				GCC_WARN_64_TO_32_BIT_CONVERSION = YES;
				GCC_WARN_ABOUT_RETURN_TYPE = YES_ERROR;
				GCC_WARN_UNDECLARED_SELECTOR = YES;
				GCC_WARN_UNINITIALIZED_AUTOS = YES_AGGRESSIVE;
				GCC_WARN_UNUSED_FUNCTION = YES;
				GCC_WARN_UNUSED_VARIABLE = YES;
				IPHONEOS_DEPLOYMENT_TARGET = 11.0;
				MTL_ENABLE_DEBUG_INFO = NO;
				SDKROOT = iphoneos;
				SWIFT_OPTIMIZATION_LEVEL = "-Owholemodule";
				VALIDATE_PRODUCT = YES;
			};
			name = Release;
		};
		39F22E501EFEF2AA00587AFA /* Debug */ = {
			isa = XCBuildConfiguration;
			buildSettings = {
				ASSETCATALOG_COMPILER_APPICON_NAME = AppIcon;
				INFOPLIST_FILE = cash/Info.plist;
				LD_RUNPATH_SEARCH_PATHS = "$(inherited) @executable_path/Frameworks";
				PRODUCT_BUNDLE_IDENTIFIER = com.cjwirth.cash;
				PRODUCT_NAME = "$(TARGET_NAME)";
				SWIFT_VERSION = 4.0;
				TARGETED_DEVICE_FAMILY = "1,2";
			};
			name = Debug;
		};
		39F22E511EFEF2AA00587AFA /* Release */ = {
			isa = XCBuildConfiguration;
			buildSettings = {
				ASSETCATALOG_COMPILER_APPICON_NAME = AppIcon;
				INFOPLIST_FILE = cash/Info.plist;
				LD_RUNPATH_SEARCH_PATHS = "$(inherited) @executable_path/Frameworks";
				PRODUCT_BUNDLE_IDENTIFIER = com.cjwirth.cash;
				PRODUCT_NAME = "$(TARGET_NAME)";
				SWIFT_VERSION = 4.0;
				TARGETED_DEVICE_FAMILY = "1,2";
			};
			name = Release;
		};
/* End XCBuildConfiguration section */

/* Begin XCConfigurationList section */
		39F22E381EFEF2AA00587AFA /* Build configuration list for PBXProject "cash" */ = {
			isa = XCConfigurationList;
			buildConfigurations = (
				39F22E4D1EFEF2AA00587AFA /* Debug */,
				39F22E4E1EFEF2AA00587AFA /* Release */,
			);
			defaultConfigurationIsVisible = 0;
			defaultConfigurationName = Release;
		};
		39F22E4F1EFEF2AA00587AFA /* Build configuration list for PBXNativeTarget "cash" */ = {
			isa = XCConfigurationList;
			buildConfigurations = (
				39F22E501EFEF2AA00587AFA /* Debug */,
				39F22E511EFEF2AA00587AFA /* Release */,
			);
			defaultConfigurationIsVisible = 0;
		};
/* End XCConfigurationList section */
	};
	rootObject = 39F22E351EFEF2AA00587AFA /* Project object */;
}
